// !$*UTF8*$!
{
	archiveVersion = 1;
	classes = {
	};
	objectVersion = 48;
	objects = {

/* Begin PBXBuildFile section */
		1C081AAA2081AA040039685D /* ChatRoomTableViewController.swift in Sources */ = {isa = PBXBuildFile; fileRef = 1C081AA92081AA040039685D /* ChatRoomTableViewController.swift */; };
		1C081AC42081D1CB0039685D /* ChatRoomTableViewCell.swift in Sources */ = {isa = PBXBuildFile; fileRef = 1C081AC32081D1CB0039685D /* ChatRoomTableViewCell.swift */; };
		1C081AC62081D3C70039685D /* TableViewControllerAsbtraction.swift in Sources */ = {isa = PBXBuildFile; fileRef = 1C081AC52081D3C70039685D /* TableViewControllerAsbtraction.swift */; };
		1C081AC92081D8C40039685D /* TextMessage.swift in Sources */ = {isa = PBXBuildFile; fileRef = 1C081AC82081D8C40039685D /* TextMessage.swift */; };
		1C347FF7207FFF5B0048F8E1 /* AppDelegate.swift in Sources */ = {isa = PBXBuildFile; fileRef = 1C347FF6207FFF5B0048F8E1 /* AppDelegate.swift */; };
		1C347FFC207FFF5B0048F8E1 /* Main.storyboard in Resources */ = {isa = PBXBuildFile; fileRef = 1C347FFA207FFF5B0048F8E1 /* Main.storyboard */; };
		1C347FFF207FFF5B0048F8E1 /* SocketChat.xcdatamodeld in Sources */ = {isa = PBXBuildFile; fileRef = 1C347FFD207FFF5B0048F8E1 /* SocketChat.xcdatamodeld */; };
		1C348001207FFF5B0048F8E1 /* Assets.xcassets in Resources */ = {isa = PBXBuildFile; fileRef = 1C348000207FFF5B0048F8E1 /* Assets.xcassets */; };
		1C348004207FFF5B0048F8E1 /* LaunchScreen.storyboard in Resources */ = {isa = PBXBuildFile; fileRef = 1C348002207FFF5B0048F8E1 /* LaunchScreen.storyboard */; };
		1C34800F207FFF5B0048F8E1 /* SocketChatTests.swift in Sources */ = {isa = PBXBuildFile; fileRef = 1C34800E207FFF5B0048F8E1 /* SocketChatTests.swift */; };
		1C34801A207FFF5B0048F8E1 /* SocketChatUITests.swift in Sources */ = {isa = PBXBuildFile; fileRef = 1C348019207FFF5B0048F8E1 /* SocketChatUITests.swift */; };
		1C34802A208000EF0048F8E1 /* ChatRoomController.swift in Sources */ = {isa = PBXBuildFile; fileRef = 1C348029208000EF0048F8E1 /* ChatRoomController.swift */; };
/* End PBXBuildFile section */

/* Begin PBXContainerItemProxy section */
		1C34800B207FFF5B0048F8E1 /* PBXContainerItemProxy */ = {
			isa = PBXContainerItemProxy;
			containerPortal = 1C347FEB207FFF5B0048F8E1 /* Project object */;
			proxyType = 1;
			remoteGlobalIDString = 1C347FF2207FFF5B0048F8E1;
			remoteInfo = SocketChat;
		};
		1C348016207FFF5B0048F8E1 /* PBXContainerItemProxy */ = {
			isa = PBXContainerItemProxy;
			containerPortal = 1C347FEB207FFF5B0048F8E1 /* Project object */;
			proxyType = 1;
			remoteGlobalIDString = 1C347FF2207FFF5B0048F8E1;
			remoteInfo = SocketChat;
		};
/* End PBXContainerItemProxy section */

/* Begin PBXCopyFilesBuildPhase section */
		1C081AC22081AA6C0039685D /* Embed App Extensions */ = {
			isa = PBXCopyFilesBuildPhase;
			buildActionMask = 2147483647;
			dstPath = "";
			dstSubfolderSpec = 13;
			files = (
			);
			name = "Embed App Extensions";
			runOnlyForDeploymentPostprocessing = 0;
		};
/* End PBXCopyFilesBuildPhase section */

/* Begin PBXFileReference section */
		1C081AA92081AA040039685D /* ChatRoomTableViewController.swift */ = {isa = PBXFileReference; lastKnownFileType = sourcecode.swift; path = ChatRoomTableViewController.swift; sourceTree = "<group>"; };
		1C081AB12081AA6C0039685D /* Messages.framework */ = {isa = PBXFileReference; lastKnownFileType = wrapper.framework; name = Messages.framework; path = System/Library/Frameworks/Messages.framework; sourceTree = SDKROOT; };
		1C081AC32081D1CB0039685D /* ChatRoomTableViewCell.swift */ = {isa = PBXFileReference; lastKnownFileType = sourcecode.swift; path = ChatRoomTableViewCell.swift; sourceTree = "<group>"; };
		1C081AC52081D3C70039685D /* TableViewControllerAsbtraction.swift */ = {isa = PBXFileReference; lastKnownFileType = sourcecode.swift; path = TableViewControllerAsbtraction.swift; sourceTree = "<group>"; };
		1C081AC82081D8C40039685D /* TextMessage.swift */ = {isa = PBXFileReference; lastKnownFileType = sourcecode.swift; path = TextMessage.swift; sourceTree = "<group>"; };
		1C347FF3207FFF5B0048F8E1 /* SocketChat.app */ = {isa = PBXFileReference; explicitFileType = wrapper.application; includeInIndex = 0; path = SocketChat.app; sourceTree = BUILT_PRODUCTS_DIR; };
		1C347FF6207FFF5B0048F8E1 /* AppDelegate.swift */ = {isa = PBXFileReference; lastKnownFileType = sourcecode.swift; path = AppDelegate.swift; sourceTree = "<group>"; };
		1C347FFB207FFF5B0048F8E1 /* Base */ = {isa = PBXFileReference; lastKnownFileType = file.storyboard; name = Base; path = Base.lproj/Main.storyboard; sourceTree = "<group>"; };
		1C347FFE207FFF5B0048F8E1 /* SocketChat.xcdatamodel */ = {isa = PBXFileReference; lastKnownFileType = wrapper.xcdatamodel; path = SocketChat.xcdatamodel; sourceTree = "<group>"; };
		1C348000207FFF5B0048F8E1 /* Assets.xcassets */ = {isa = PBXFileReference; lastKnownFileType = folder.assetcatalog; path = Assets.xcassets; sourceTree = "<group>"; };
		1C348003207FFF5B0048F8E1 /* Base */ = {isa = PBXFileReference; lastKnownFileType = file.storyboard; name = Base; path = Base.lproj/LaunchScreen.storyboard; sourceTree = "<group>"; };
		1C348005207FFF5B0048F8E1 /* Info.plist */ = {isa = PBXFileReference; lastKnownFileType = text.plist.xml; path = Info.plist; sourceTree = "<group>"; };
		1C34800A207FFF5B0048F8E1 /* SocketChatTests.xctest */ = {isa = PBXFileReference; explicitFileType = wrapper.cfbundle; includeInIndex = 0; path = SocketChatTests.xctest; sourceTree = BUILT_PRODUCTS_DIR; };
		1C34800E207FFF5B0048F8E1 /* SocketChatTests.swift */ = {isa = PBXFileReference; lastKnownFileType = sourcecode.swift; path = SocketChatTests.swift; sourceTree = "<group>"; };
		1C348010207FFF5B0048F8E1 /* Info.plist */ = {isa = PBXFileReference; lastKnownFileType = text.plist.xml; path = Info.plist; sourceTree = "<group>"; };
		1C348015207FFF5B0048F8E1 /* SocketChatUITests.xctest */ = {isa = PBXFileReference; explicitFileType = wrapper.cfbundle; includeInIndex = 0; path = SocketChatUITests.xctest; sourceTree = BUILT_PRODUCTS_DIR; };
		1C348019207FFF5B0048F8E1 /* SocketChatUITests.swift */ = {isa = PBXFileReference; lastKnownFileType = sourcecode.swift; path = SocketChatUITests.swift; sourceTree = "<group>"; };
		1C34801B207FFF5B0048F8E1 /* Info.plist */ = {isa = PBXFileReference; lastKnownFileType = text.plist.xml; path = Info.plist; sourceTree = "<group>"; };
		1C348029208000EF0048F8E1 /* ChatRoomController.swift */ = {isa = PBXFileReference; lastKnownFileType = sourcecode.swift; path = ChatRoomController.swift; sourceTree = "<group>"; };
/* End PBXFileReference section */

/* Begin PBXFrameworksBuildPhase section */
		1C347FF0207FFF5B0048F8E1 /* Frameworks */ = {
			isa = PBXFrameworksBuildPhase;
			buildActionMask = 2147483647;
			files = (
			);
			runOnlyForDeploymentPostprocessing = 0;
		};
		1C348007207FFF5B0048F8E1 /* Frameworks */ = {
			isa = PBXFrameworksBuildPhase;
			buildActionMask = 2147483647;
			files = (
			);
			runOnlyForDeploymentPostprocessing = 0;
		};
		1C348012207FFF5B0048F8E1 /* Frameworks */ = {
			isa = PBXFrameworksBuildPhase;
			buildActionMask = 2147483647;
			files = (
			);
			runOnlyForDeploymentPostprocessing = 0;
		};
/* End PBXFrameworksBuildPhase section */

/* Begin PBXGroup section */
		1C081AB02081AA6C0039685D /* Frameworks */ = {
			isa = PBXGroup;
			children = (
				1C081AB12081AA6C0039685D /* Messages.framework */,
			);
			name = Frameworks;
			sourceTree = "<group>";
		};
		1C081AC72081D8AF0039685D /* Models */ = {
			isa = PBXGroup;
			children = (
				1C081AC82081D8C40039685D /* TextMessage.swift */,
			);
			path = Models;
			sourceTree = "<group>";
		};
		1C347FEA207FFF5B0048F8E1 = {
			isa = PBXGroup;
			children = (
				1C081AC72081D8AF0039685D /* Models */,
				1C348028208000E10048F8E1 /* Helpers */,
				1C348027208000BF0048F8E1 /* View Controllers */,
				1C347FF5207FFF5B0048F8E1 /* SocketChat */,
				1C34800D207FFF5B0048F8E1 /* SocketChatTests */,
				1C348018207FFF5B0048F8E1 /* SocketChatUITests */,
				1C081AB02081AA6C0039685D /* Frameworks */,
				1C347FF4207FFF5B0048F8E1 /* Products */,
			);
			sourceTree = "<group>";
		};
		1C347FF4207FFF5B0048F8E1 /* Products */ = {
			isa = PBXGroup;
			children = (
				1C347FF3207FFF5B0048F8E1 /* SocketChat.app */,
				1C34800A207FFF5B0048F8E1 /* SocketChatTests.xctest */,
				1C348015207FFF5B0048F8E1 /* SocketChatUITests.xctest */,
			);
			name = Products;
			sourceTree = "<group>";
		};
		1C347FF5207FFF5B0048F8E1 /* SocketChat */ = {
			isa = PBXGroup;
			children = (
				1C347FF6207FFF5B0048F8E1 /* AppDelegate.swift */,
				1C347FFA207FFF5B0048F8E1 /* Main.storyboard */,
				1C348000207FFF5B0048F8E1 /* Assets.xcassets */,
				1C348002207FFF5B0048F8E1 /* LaunchScreen.storyboard */,
				1C348005207FFF5B0048F8E1 /* Info.plist */,
				1C347FFD207FFF5B0048F8E1 /* SocketChat.xcdatamodeld */,
			);
			path = SocketChat;
			sourceTree = "<group>";
		};
		1C34800D207FFF5B0048F8E1 /* SocketChatTests */ = {
			isa = PBXGroup;
			children = (
				1C34800E207FFF5B0048F8E1 /* SocketChatTests.swift */,
				1C348010207FFF5B0048F8E1 /* Info.plist */,
			);
			path = SocketChatTests;
			sourceTree = "<group>";
		};
		1C348018207FFF5B0048F8E1 /* SocketChatUITests */ = {
			isa = PBXGroup;
			children = (
				1C348019207FFF5B0048F8E1 /* SocketChatUITests.swift */,
				1C34801B207FFF5B0048F8E1 /* Info.plist */,
			);
			path = SocketChatUITests;
			sourceTree = "<group>";
		};
		1C348027208000BF0048F8E1 /* View Controllers */ = {
			isa = PBXGroup;
			children = (
				1C081AA92081AA040039685D /* ChatRoomTableViewController.swift */,
			);
			path = "View Controllers";
			sourceTree = "<group>";
		};
		1C348028208000E10048F8E1 /* Helpers */ = {
			isa = PBXGroup;
			children = (
				1C348029208000EF0048F8E1 /* ChatRoomController.swift */,
				1C081AC32081D1CB0039685D /* ChatRoomTableViewCell.swift */,
				1C081AC52081D3C70039685D /* TableViewControllerAsbtraction.swift */,
			);
			path = Helpers;
			sourceTree = "<group>";
		};
/* End PBXGroup section */

/* Begin PBXNativeTarget section */
		1C347FF2207FFF5B0048F8E1 /* SocketChat */ = {
			isa = PBXNativeTarget;
			buildConfigurationList = 1C34801E207FFF5B0048F8E1 /* Build configuration list for PBXNativeTarget "SocketChat" */;
			buildPhases = (
				1C347FEF207FFF5B0048F8E1 /* Sources */,
				1C347FF0207FFF5B0048F8E1 /* Frameworks */,
				1C347FF1207FFF5B0048F8E1 /* Resources */,
				1C081AC22081AA6C0039685D /* Embed App Extensions */,
			);
			buildRules = (
			);
			dependencies = (
			);
			name = SocketChat;
			productName = SocketChat;
			productReference = 1C347FF3207FFF5B0048F8E1 /* SocketChat.app */;
			productType = "com.apple.product-type.application";
		};
		1C348009207FFF5B0048F8E1 /* SocketChatTests */ = {
			isa = PBXNativeTarget;
			buildConfigurationList = 1C348021207FFF5B0048F8E1 /* Build configuration list for PBXNativeTarget "SocketChatTests" */;
			buildPhases = (
				1C348006207FFF5B0048F8E1 /* Sources */,
				1C348007207FFF5B0048F8E1 /* Frameworks */,
				1C348008207FFF5B0048F8E1 /* Resources */,
			);
			buildRules = (
			);
			dependencies = (
				1C34800C207FFF5B0048F8E1 /* PBXTargetDependency */,
			);
			name = SocketChatTests;
			productName = SocketChatTests;
			productReference = 1C34800A207FFF5B0048F8E1 /* SocketChatTests.xctest */;
			productType = "com.apple.product-type.bundle.unit-test";
		};
		1C348014207FFF5B0048F8E1 /* SocketChatUITests */ = {
			isa = PBXNativeTarget;
			buildConfigurationList = 1C348024207FFF5B0048F8E1 /* Build configuration list for PBXNativeTarget "SocketChatUITests" */;
			buildPhases = (
				1C348011207FFF5B0048F8E1 /* Sources */,
				1C348012207FFF5B0048F8E1 /* Frameworks */,
				1C348013207FFF5B0048F8E1 /* Resources */,
			);
			buildRules = (
			);
			dependencies = (
				1C348017207FFF5B0048F8E1 /* PBXTargetDependency */,
			);
			name = SocketChatUITests;
			productName = SocketChatUITests;
			productReference = 1C348015207FFF5B0048F8E1 /* SocketChatUITests.xctest */;
			productType = "com.apple.product-type.bundle.ui-testing";
		};
/* End PBXNativeTarget section */

/* Begin PBXProject section */
		1C347FEB207FFF5B0048F8E1 /* Project object */ = {
			isa = PBXProject;
			attributes = {
				LastSwiftUpdateCheck = 0900;
				LastUpgradeCheck = 0900;
				ORGANIZATIONNAME = "Matthew Harrilal";
				TargetAttributes = {
					1C347FF2207FFF5B0048F8E1 = {
						CreatedOnToolsVersion = 9.0;
						ProvisioningStyle = Automatic;
					};
					1C348009207FFF5B0048F8E1 = {
						CreatedOnToolsVersion = 9.0;
						ProvisioningStyle = Automatic;
						TestTargetID = 1C347FF2207FFF5B0048F8E1;
					};
					1C348014207FFF5B0048F8E1 = {
						CreatedOnToolsVersion = 9.0;
						ProvisioningStyle = Automatic;
						TestTargetID = 1C347FF2207FFF5B0048F8E1;
					};
				};
			};
			buildConfigurationList = 1C347FEE207FFF5B0048F8E1 /* Build configuration list for PBXProject "SocketChat" */;
			compatibilityVersion = "Xcode 8.0";
			developmentRegion = en;
			hasScannedForEncodings = 0;
			knownRegions = (
				en,
				Base,
			);
			mainGroup = 1C347FEA207FFF5B0048F8E1;
			productRefGroup = 1C347FF4207FFF5B0048F8E1 /* Products */;
			projectDirPath = "";
			projectRoot = "";
			targets = (
				1C347FF2207FFF5B0048F8E1 /* SocketChat */,
				1C348009207FFF5B0048F8E1 /* SocketChatTests */,
				1C348014207FFF5B0048F8E1 /* SocketChatUITests */,
			);
		};
/* End PBXProject section */

/* Begin PBXResourcesBuildPhase section */
		1C347FF1207FFF5B0048F8E1 /* Resources */ = {
			isa = PBXResourcesBuildPhase;
			buildActionMask = 2147483647;
			files = (
				1C348004207FFF5B0048F8E1 /* LaunchScreen.storyboard in Resources */,
				1C348001207FFF5B0048F8E1 /* Assets.xcassets in Resources */,
				1C347FFC207FFF5B0048F8E1 /* Main.storyboard in Resources */,
			);
			runOnlyForDeploymentPostprocessing = 0;
		};
		1C348008207FFF5B0048F8E1 /* Resources */ = {
			isa = PBXResourcesBuildPhase;
			buildActionMask = 2147483647;
			files = (
			);
			runOnlyForDeploymentPostprocessing = 0;
		};
		1C348013207FFF5B0048F8E1 /* Resources */ = {
			isa = PBXResourcesBuildPhase;
			buildActionMask = 2147483647;
			files = (
			);
			runOnlyForDeploymentPostprocessing = 0;
		};
/* End PBXResourcesBuildPhase section */

/* Begin PBXSourcesBuildPhase section */
		1C347FEF207FFF5B0048F8E1 /* Sources */ = {
			isa = PBXSourcesBuildPhase;
			buildActionMask = 2147483647;
			files = (
				1C347FF7207FFF5B0048F8E1 /* AppDelegate.swift in Sources */,
				1C081AAA2081AA040039685D /* ChatRoomTableViewController.swift in Sources */,
				1C081AC92081D8C40039685D /* TextMessage.swift in Sources */,
				1C081AC62081D3C70039685D /* TableViewControllerAsbtraction.swift in Sources */,
				1C347FFF207FFF5B0048F8E1 /* SocketChat.xcdatamodeld in Sources */,
				1C081AC42081D1CB0039685D /* ChatRoomTableViewCell.swift in Sources */,
				1C34802A208000EF0048F8E1 /* ChatRoomController.swift in Sources */,
			);
			runOnlyForDeploymentPostprocessing = 0;
		};
		1C348006207FFF5B0048F8E1 /* Sources */ = {
			isa = PBXSourcesBuildPhase;
			buildActionMask = 2147483647;
			files = (
				1C34800F207FFF5B0048F8E1 /* SocketChatTests.swift in Sources */,
			);
			runOnlyForDeploymentPostprocessing = 0;
		};
		1C348011207FFF5B0048F8E1 /* Sources */ = {
			isa = PBXSourcesBuildPhase;
			buildActionMask = 2147483647;
			files = (
				1C34801A207FFF5B0048F8E1 /* SocketChatUITests.swift in Sources */,
			);
			runOnlyForDeploymentPostprocessing = 0;
		};
/* End PBXSourcesBuildPhase section */

/* Begin PBXTargetDependency section */
		1C34800C207FFF5B0048F8E1 /* PBXTargetDependency */ = {
			isa = PBXTargetDependency;
			target = 1C347FF2207FFF5B0048F8E1 /* SocketChat */;
			targetProxy = 1C34800B207FFF5B0048F8E1 /* PBXContainerItemProxy */;
		};
		1C348017207FFF5B0048F8E1 /* PBXTargetDependency */ = {
			isa = PBXTargetDependency;
			target = 1C347FF2207FFF5B0048F8E1 /* SocketChat */;
			targetProxy = 1C348016207FFF5B0048F8E1 /* PBXContainerItemProxy */;
		};
/* End PBXTargetDependency section */

/* Begin PBXVariantGroup section */
		1C347FFA207FFF5B0048F8E1 /* Main.storyboard */ = {
			isa = PBXVariantGroup;
			children = (
				1C347FFB207FFF5B0048F8E1 /* Base */,
			);
			name = Main.storyboard;
			sourceTree = "<group>";
		};
		1C348002207FFF5B0048F8E1 /* LaunchScreen.storyboard */ = {
			isa = PBXVariantGroup;
			children = (
				1C348003207FFF5B0048F8E1 /* Base */,
			);
			name = LaunchScreen.storyboard;
			sourceTree = "<group>";
		};
/* End PBXVariantGroup section */

/* Begin XCBuildConfiguration section */
		1C34801C207FFF5B0048F8E1 /* Debug */ = {
			isa = XCBuildConfiguration;
			buildSettings = {
				ALWAYS_SEARCH_USER_PATHS = NO;
				CLANG_ANALYZER_NONNULL = YES;
				CLANG_ANALYZER_NUMBER_OBJECT_CONVERSION = YES_AGGRESSIVE;
				CLANG_CXX_LANGUAGE_STANDARD = "gnu++14";
				CLANG_CXX_LIBRARY = "libc++";
				CLANG_ENABLE_MODULES = YES;
				CLANG_ENABLE_OBJC_ARC = YES;
				CLANG_WARN_BLOCK_CAPTURE_AUTORELEASING = YES;
				CLANG_WARN_BOOL_CONVERSION = YES;
				CLANG_WARN_COMMA = YES;
				CLANG_WARN_CONSTANT_CONVERSION = YES;
				CLANG_WARN_DIRECT_OBJC_ISA_USAGE = YES_ERROR;
				CLANG_WARN_DOCUMENTATION_COMMENTS = YES;
				CLANG_WARN_EMPTY_BODY = YES;
				CLANG_WARN_ENUM_CONVERSION = YES;
				CLANG_WARN_INFINITE_RECURSION = YES;
				CLANG_WARN_INT_CONVERSION = YES;
				CLANG_WARN_NON_LITERAL_NULL_CONVERSION = YES;
				CLANG_WARN_OBJC_LITERAL_CONVERSION = YES;
				CLANG_WARN_OBJC_ROOT_CLASS = YES_ERROR;
				CLANG_WARN_RANGE_LOOP_ANALYSIS = YES;
				CLANG_WARN_STRICT_PROTOTYPES = YES;
				CLANG_WARN_SUSPICIOUS_MOVE = YES;
				CLANG_WARN_UNGUARDED_AVAILABILITY = YES_AGGRESSIVE;
				CLANG_WARN_UNREACHABLE_CODE = YES;
				CLANG_WARN__DUPLICATE_METHOD_MATCH = YES;
				CODE_SIGN_IDENTITY = "iPhone Developer";
				COPY_PHASE_STRIP = NO;
				DEBUG_INFORMATION_FORMAT = dwarf;
				ENABLE_STRICT_OBJC_MSGSEND = YES;
				ENABLE_TESTABILITY = YES;
				GCC_C_LANGUAGE_STANDARD = gnu11;
				GCC_DYNAMIC_NO_PIC = NO;
				GCC_NO_COMMON_BLOCKS = YES;
				GCC_OPTIMIZATION_LEVEL = 0;
				GCC_PREPROCESSOR_DEFINITIONS = (
					"DEBUG=1",
					"$(inherited)",
				);
				GCC_WARN_64_TO_32_BIT_CONVERSION = YES;
				GCC_WARN_ABOUT_RETURN_TYPE = YES_ERROR;
				GCC_WARN_UNDECLARED_SELECTOR = YES;
				GCC_WARN_UNINITIALIZED_AUTOS = YES_AGGRESSIVE;
				GCC_WARN_UNUSED_FUNCTION = YES;
				GCC_WARN_UNUSED_VARIABLE = YES;
				IPHONEOS_DEPLOYMENT_TARGET = 11.0;
				MTL_ENABLE_DEBUG_INFO = YES;
				ONLY_ACTIVE_ARCH = YES;
				SDKROOT = iphoneos;
				SWIFT_ACTIVE_COMPILATION_CONDITIONS = DEBUG;
				SWIFT_OPTIMIZATION_LEVEL = "-Onone";
			};
			name = Debug;
		};
		1C34801D207FFF5B0048F8E1 /* Release */ = {
			isa = XCBuildConfiguration;
			buildSettings = {
				ALWAYS_SEARCH_USER_PATHS = NO;
				CLANG_ANALYZER_NONNULL = YES;
				CLANG_ANALYZER_NUMBER_OBJECT_CONVERSION = YES_AGGRESSIVE;
				CLANG_CXX_LANGUAGE_STANDARD = "gnu++14";
				CLANG_CXX_LIBRARY = "libc++";
				CLANG_ENABLE_MODULES = YES;
				CLANG_ENABLE_OBJC_ARC = YES;
				CLANG_WARN_BLOCK_CAPTURE_AUTORELEASING = YES;
				CLANG_WARN_BOOL_CONVERSION = YES;
				CLANG_WARN_COMMA = YES;
				CLANG_WARN_CONSTANT_CONVERSION = YES;
				CLANG_WARN_DIRECT_OBJC_ISA_USAGE = YES_ERROR;
				CLANG_WARN_DOCUMENTATION_COMMENTS = YES;
				CLANG_WARN_EMPTY_BODY = YES;
				CLANG_WARN_ENUM_CONVERSION = YES;
				CLANG_WARN_INFINITE_RECURSION = YES;
				CLANG_WARN_INT_CONVERSION = YES;
				CLANG_WARN_NON_LITERAL_NULL_CONVERSION = YES;
				CLANG_WARN_OBJC_LITERAL_CONVERSION = YES;
				CLANG_WARN_OBJC_ROOT_CLASS = YES_ERROR;
				CLANG_WARN_RANGE_LOOP_ANALYSIS = YES;
				CLANG_WARN_STRICT_PROTOTYPES = YES;
				CLANG_WARN_SUSPICIOUS_MOVE = YES;
				CLANG_WARN_UNGUARDED_AVAILABILITY = YES_AGGRESSIVE;
				CLANG_WARN_UNREACHABLE_CODE = YES;
				CLANG_WARN__DUPLICATE_METHOD_MATCH = YES;
				CODE_SIGN_IDENTITY = "iPhone Developer";
				COPY_PHASE_STRIP = NO;
				DEBUG_INFORMATION_FORMAT = "dwarf-with-dsym";
				ENABLE_NS_ASSERTIONS = NO;
				ENABLE_STRICT_OBJC_MSGSEND = YES;
				GCC_C_LANGUAGE_STANDARD = gnu11;
				GCC_NO_COMMON_BLOCKS = YES;
				GCC_WARN_64_TO_32_BIT_CONVERSION = YES;
				GCC_WARN_ABOUT_RETURN_TYPE = YES_ERROR;
				GCC_WARN_UNDECLARED_SELECTOR = YES;
				GCC_WARN_UNINITIALIZED_AUTOS = YES_AGGRESSIVE;
				GCC_WARN_UNUSED_FUNCTION = YES;
				GCC_WARN_UNUSED_VARIABLE = YES;
				IPHONEOS_DEPLOYMENT_TARGET = 11.0;
				MTL_ENABLE_DEBUG_INFO = NO;
				SDKROOT = iphoneos;
				SWIFT_OPTIMIZATION_LEVEL = "-Owholemodule";
				VALIDATE_PRODUCT = YES;
			};
			name = Release;
		};
		1C34801F207FFF5B0048F8E1 /* Debug */ = {
			isa = XCBuildConfiguration;
			buildSettings = {
				ASSETCATALOG_COMPILER_APPICON_NAME = AppIcon;
				CODE_SIGN_STYLE = Automatic;
				INFOPLIST_FILE = SocketChat/Info.plist;
				LD_RUNPATH_SEARCH_PATHS = "$(inherited) @executable_path/Frameworks";
				PRODUCT_BUNDLE_IDENTIFIER = m.SocketChat;
				PRODUCT_NAME = "$(TARGET_NAME)";
				SWIFT_VERSION = 4.0;
				TARGETED_DEVICE_FAMILY = "1,2";
			};
			name = Debug;
		};
		1C348020207FFF5B0048F8E1 /* Release */ = {
			isa = XCBuildConfiguration;
			buildSettings = {
				ASSETCATALOG_COMPILER_APPICON_NAME = AppIcon;
				CODE_SIGN_STYLE = Automatic;
				INFOPLIST_FILE = SocketChat/Info.plist;
				LD_RUNPATH_SEARCH_PATHS = "$(inherited) @executable_path/Frameworks";
				PRODUCT_BUNDLE_IDENTIFIER = m.SocketChat;
				PRODUCT_NAME = "$(TARGET_NAME)";
				SWIFT_VERSION = 4.0;
				TARGETED_DEVICE_FAMILY = "1,2";
			};
			name = Release;
		};
		1C348022207FFF5B0048F8E1 /* Debug */ = {
			isa = XCBuildConfiguration;
			buildSettings = {
				ALWAYS_EMBED_SWIFT_STANDARD_LIBRARIES = YES;
				BUNDLE_LOADER = "$(TEST_HOST)";
				CODE_SIGN_STYLE = Automatic;
				INFOPLIST_FILE = SocketChatTests/Info.plist;
				LD_RUNPATH_SEARCH_PATHS = "$(inherited) @executable_path/Frameworks @loader_path/Frameworks";
				PRODUCT_BUNDLE_IDENTIFIER = m.SocketChatTests;
				PRODUCT_NAME = "$(TARGET_NAME)";
				SWIFT_VERSION = 4.0;
				TARGETED_DEVICE_FAMILY = "1,2";
				TEST_HOST = "$(BUILT_PRODUCTS_DIR)/SocketChat.app/SocketChat";
			};
			name = Debug;
		};
		1C348023207FFF5B0048F8E1 /* Release */ = {
			isa = XCBuildConfiguration;
			buildSettings = {
				ALWAYS_EMBED_SWIFT_STANDARD_LIBRARIES = YES;
				BUNDLE_LOADER = "$(TEST_HOST)";
				CODE_SIGN_STYLE = Automatic;
				INFOPLIST_FILE = SocketChatTests/Info.plist;
				LD_RUNPATH_SEARCH_PATHS = "$(inherited) @executable_path/Frameworks @loader_path/Frameworks";
				PRODUCT_BUNDLE_IDENTIFIER = m.SocketChatTests;
				PRODUCT_NAME = "$(TARGET_NAME)";
				SWIFT_VERSION = 4.0;
				TARGETED_DEVICE_FAMILY = "1,2";
				TEST_HOST = "$(BUILT_PRODUCTS_DIR)/SocketChat.app/SocketChat";
			};
			name = Release;
		};
		1C348025207FFF5B0048F8E1 /* Debug */ = {
			isa = XCBuildConfiguration;
			buildSettings = {
				ALWAYS_EMBED_SWIFT_STANDARD_LIBRARIES = YES;
				CODE_SIGN_STYLE = Automatic;
				INFOPLIST_FILE = SocketChatUITests/Info.plist;
				LD_RUNPATH_SEARCH_PATHS = "$(inherited) @executable_path/Frameworks @loader_path/Frameworks";
				PRODUCT_BUNDLE_IDENTIFIER = m.SocketChatUITests;
				PRODUCT_NAME = "$(TARGET_NAME)";
				SWIFT_VERSION = 4.0;
				TARGETED_DEVICE_FAMILY = "1,2";
				TEST_TARGET_NAME = SocketChat;
			};
			name = Debug;
		};
		1C348026207FFF5B0048F8E1 /* Release */ = {
			isa = XCBuildConfiguration;
			buildSettings = {
				ALWAYS_EMBED_SWIFT_STANDARD_LIBRARIES = YES;
				CODE_SIGN_STYLE = Automatic;
				INFOPLIST_FILE = SocketChatUITests/Info.plist;
				LD_RUNPATH_SEARCH_PATHS = "$(inherited) @executable_path/Frameworks @loader_path/Frameworks";
				PRODUCT_BUNDLE_IDENTIFIER = m.SocketChatUITests;
				PRODUCT_NAME = "$(TARGET_NAME)";
				SWIFT_VERSION = 4.0;
				TARGETED_DEVICE_FAMILY = "1,2";
				TEST_TARGET_NAME = SocketChat;
			};
			name = Release;
		};
/* End XCBuildConfiguration section */

/* Begin XCConfigurationList section */
		1C347FEE207FFF5B0048F8E1 /* Build configuration list for PBXProject "SocketChat" */ = {
			isa = XCConfigurationList;
			buildConfigurations = (
				1C34801C207FFF5B0048F8E1 /* Debug */,
				1C34801D207FFF5B0048F8E1 /* Release */,
			);
			defaultConfigurationIsVisible = 0;
			defaultConfigurationName = Release;
		};
		1C34801E207FFF5B0048F8E1 /* Build configuration list for PBXNativeTarget "SocketChat" */ = {
			isa = XCConfigurationList;
			buildConfigurations = (
				1C34801F207FFF5B0048F8E1 /* Debug */,
				1C348020207FFF5B0048F8E1 /* Release */,
			);
			defaultConfigurationIsVisible = 0;
			defaultConfigurationName = Release;
		};
		1C348021207FFF5B0048F8E1 /* Build configuration list for PBXNativeTarget "SocketChatTests" */ = {
			isa = XCConfigurationList;
			buildConfigurations = (
				1C348022207FFF5B0048F8E1 /* Debug */,
				1C348023207FFF5B0048F8E1 /* Release */,
			);
			defaultConfigurationIsVisible = 0;
			defaultConfigurationName = Release;
		};
		1C348024207FFF5B0048F8E1 /* Build configuration list for PBXNativeTarget "SocketChatUITests" */ = {
			isa = XCConfigurationList;
			buildConfigurations = (
				1C348025207FFF5B0048F8E1 /* Debug */,
				1C348026207FFF5B0048F8E1 /* Release */,
			);
			defaultConfigurationIsVisible = 0;
			defaultConfigurationName = Release;
		};
/* End XCConfigurationList section */

/* Begin XCVersionGroup section */
		1C347FFD207FFF5B0048F8E1 /* SocketChat.xcdatamodeld */ = {
			isa = XCVersionGroup;
			children = (
				1C347FFE207FFF5B0048F8E1 /* SocketChat.xcdatamodel */,
			);
			currentVersion = 1C347FFE207FFF5B0048F8E1 /* SocketChat.xcdatamodel */;
			path = SocketChat.xcdatamodeld;
			sourceTree = "<group>";
			versionGroupType = wrapper.xcdatamodel;
		};
/* End XCVersionGroup section */
	};
	rootObject = 1C347FEB207FFF5B0048F8E1 /* Project object */;
}
